{
  "name": "google-places",
  "version": "0.0.1",
  "lockfileVersion": 2,
  "requires": true,
  "packages": {
    "": {
      "name": "google-places",
      "version": "0.0.1",
      "license": "ISC",
      "dependencies": {
        "@googlemaps/google-maps-services-js": "^3.3.4"
      }
    },
    "node_modules/@googlemaps/google-maps-services-js": {
      "version": "3.3.4",
      "resolved": "https://registry.npmjs.org/@googlemaps/google-maps-services-js/-/google-maps-services-js-3.3.4.tgz",
      "integrity": "sha512-EhICEyVklA87+lqOjlAwGkkVpwXWKgYX93wGWtWUFHizKcAALKLwx2pDb/0bJy/t/6QCFbOokEuStkwljf2xQA==",
      "dependencies": {
        "@googlemaps/url-signature": "^1.0.4",
        "agentkeepalive": "^4.1.0",
        "axios": "^0.24.0",
        "query-string": "^7.0.1",
        "retry-axios": "^2.2.1"
      }
    },
    "node_modules/@googlemaps/url-signature": {
      "version": "1.0.7",
      "resolved": "https://registry.npmjs.org/@googlemaps/url-signature/-/url-signature-1.0.7.tgz",
      "integrity": "sha512-Uiuy4n6Ohd5SjQh0CY6EqaJy4h1U8LTmyxKd3pA2IhiG3V1Qgchgu5f6e2VVmsxe/OGk1hGhz3oWGgC1VYCVpA==",
      "dependencies": {
        "crypto-js": "^4.1.1"
      }
    },
    "node_modules/agentkeepalive": {
      "version": "4.1.4",
      "resolved": "https://registry.npmjs.org/agentkeepalive/-/agentkeepalive-4.1.4.tgz",
      "integrity": "sha512-+V/rGa3EuU74H6wR04plBb7Ks10FbtUQgRj/FQOG7uUIEuaINI+AiqJR1k6t3SVNs7o7ZjIdus6706qqzVq8jQ==",
      "dependencies": {
        "debug": "^4.1.0",
        "depd": "^1.1.2",
        "humanize-ms": "^1.2.1"
      },
      "engines": {
        "node": ">= 8.0.0"
      }
    },
    "node_modules/axios": {
      "version": "0.24.0",
      "resolved": "https://registry.npmjs.org/axios/-/axios-0.24.0.tgz",
      "integrity": "sha512-Q6cWsys88HoPgAaFAVUb0WpPk0O8iTeisR9IMqy9G8AbO4NlpVknrnQS03zzF9PGAWgO3cgletO3VjV/P7VztA==",
      "dependencies": {
        "follow-redirects": "^1.14.4"
      }
    },
    "node_modules/crypto-js": {
      "version": "4.1.1",
      "resolved": "https://registry.npmjs.org/crypto-js/-/crypto-js-4.1.1.tgz",
      "integrity": "sha512-o2JlM7ydqd3Qk9CA0L4NL6mTzU2sdx96a+oOfPu8Mkl/PK51vSyoi8/rQ8NknZtk44vq15lmhAj9CIAGwgeWKw=="
    },
    "node_modules/debug": {
      "version": "4.3.3",
      "resolved": "https://registry.npmjs.org/debug/-/debug-4.3.3.tgz",
      "integrity": "sha512-/zxw5+vh1Tfv+4Qn7a5nsbcJKPaSvCDhojn6FEl9vupwK2VCSDtEiEtqr8DFtzYFOdz63LBkxec7DYuc2jon6Q==",
      "dependencies": {
        "ms": "2.1.2"
      },
      "engines": {
        "node": ">=6.0"
      },
      "peerDependenciesMeta": {
        "supports-color": {
          "optional": true
        }
      }
    },
    "node_modules/decode-uri-component": {
      "version": "0.2.0",
      "resolved": "https://registry.npmjs.org/decode-uri-component/-/decode-uri-component-0.2.0.tgz",
      "integrity": "sha1-6zkTMzRYd1y4TNGh+uBiEGu4dUU=",
      "engines": {
        "node": ">=0.10"
      }
    },
    "node_modules/depd": {
      "version": "1.1.2",
      "resolved": "https://registry.npmjs.org/depd/-/depd-1.1.2.tgz",
      "integrity": "sha1-m81S4UwJd2PnSbJ0xDRu0uVgtak=",
      "engines": {
        "node": ">= 0.6"
      }
    },
    "node_modules/filter-obj": {
      "version": "1.1.0",
      "resolved": "https://registry.npmjs.org/filter-obj/-/filter-obj-1.1.0.tgz",
      "integrity": "sha1-mzERErxsYSehbgFsbF1/GeCAXFs=",
      "engines": {
        "node": ">=0.10.0"
      }
    },
    "node_modules/follow-redirects": {
      "version": "1.14.5",
      "resolved": "https://registry.npmjs.org/follow-redirects/-/follow-redirects-1.14.5.tgz",
      "integrity": "sha512-wtphSXy7d4/OR+MvIFbCVBDzZ5520qV8XfPklSN5QtxuMUJZ+b0Wnst1e1lCDocfzuCkHqj8k0FpZqO+UIaKNA==",
      "funding": [
        {
          "type": "individual",
          "url": "https://github.com/sponsors/RubenVerborgh"
        }
      ],
      "engines": {
        "node": ">=4.0"
      },
      "peerDependenciesMeta": {
        "debug": {
          "optional": true
        }
      }
    },
    "node_modules/humanize-ms": {
      "version": "1.2.1",
      "resolved": "https://registry.npmjs.org/humanize-ms/-/humanize-ms-1.2.1.tgz",
      "integrity": "sha1-xG4xWaKT9riW2ikxbYtv6Lt5u+0=",
      "dependencies": {
        "ms": "^2.0.0"
      }
    },
    "node_modules/ms": {
      "version": "2.1.2",
      "resolved": "https://registry.npmjs.org/ms/-/ms-2.1.2.tgz",
      "integrity": "sha512-sGkPx+VjMtmA6MX27oA4FBFELFCZZ4S4XqeGOXCv68tT+jb3vk/RyaKWP0PTKyWtmLSM0b+adUTEvbs1PEaH2w=="
    },
    "node_modules/query-string": {
      "version": "7.0.1",
      "resolved": "https://registry.npmjs.org/query-string/-/query-string-7.0.1.tgz",
      "integrity": "sha512-uIw3iRvHnk9to1blJCG3BTc+Ro56CBowJXKmNNAm3RulvPBzWLRqKSiiDk+IplJhsydwtuNMHi8UGQFcCLVfkA==",
      "dependencies": {
        "decode-uri-component": "^0.2.0",
        "filter-obj": "^1.1.0",
        "split-on-first": "^1.0.0",
        "strict-uri-encode": "^2.0.0"
      },
      "engines": {
        "node": ">=6"
      },
      "funding": {
        "url": "https://github.com/sponsors/sindresorhus"
      }
    },
    "node_modules/retry-axios": {
      "version": "2.6.0",
      "resolved": "https://registry.npmjs.org/retry-axios/-/retry-axios-2.6.0.tgz",
      "integrity": "sha512-pOLi+Gdll3JekwuFjXO3fTq+L9lzMQGcSq7M5gIjExcl3Gu1hd4XXuf5o3+LuSBsaULQH7DiNbsqPd1chVpQGQ==",
      "engines": {
        "node": ">=10.7.0"
      },
      "peerDependencies": {
        "axios": "*"
      }
    },
    "node_modules/split-on-first": {
      "version": "1.1.0",
      "resolved": "https://registry.npmjs.org/split-on-first/-/split-on-first-1.1.0.tgz",
      "integrity": "sha512-43ZssAJaMusuKWL8sKUBQXHWOpq8d6CfN/u1p4gUzfJkM05C8rxTmYrkIPTXapZpORA6LkkzcUulJ8FqA7Uudw==",
      "engines": {
        "node": ">=6"
      }
    },
    "node_modules/strict-uri-encode": {
      "version": "2.0.0",
      "resolved": "https://registry.npmjs.org/strict-uri-encode/-/strict-uri-encode-2.0.0.tgz",
      "integrity": "sha1-ucczDHBChi9rFC3CdLvMWGbONUY=",
      "engines": {
        "node": ">=4"
      }
    }
  },
  "dependencies": {
    "@googlemaps/google-maps-services-js": {
      "version": "3.3.4",
      "resolved": "https://registry.npmjs.org/@googlemaps/google-maps-services-js/-/google-maps-services-js-3.3.4.tgz",
      "integrity": "sha512-EhICEyVklA87+lqOjlAwGkkVpwXWKgYX93wGWtWUFHizKcAALKLwx2pDb/0bJy/t/6QCFbOokEuStkwljf2xQA==",
      "requires": {
        "@googlemaps/url-signature": "^1.0.4",
        "agentkeepalive": "^4.1.0",
        "axios": "^0.24.0",
        "query-string": "^7.0.1",
        "retry-axios": "^2.2.1"
      }
    },
    "@googlemaps/url-signature": {
      "version": "1.0.7",
      "resolved": "https://registry.npmjs.org/@googlemaps/url-signature/-/url-signature-1.0.7.tgz",
      "integrity": "sha512-Uiuy4n6Ohd5SjQh0CY6EqaJy4h1U8LTmyxKd3pA2IhiG3V1Qgchgu5f6e2VVmsxe/OGk1hGhz3oWGgC1VYCVpA==",
      "requires": {
        "crypto-js": "^4.1.1"
      }
    },
    "agentkeepalive": {
      "version": "4.1.4",
      "resolved": "https://registry.npmjs.org/agentkeepalive/-/agentkeepalive-4.1.4.tgz",
      "integrity": "sha512-+V/rGa3EuU74H6wR04plBb7Ks10FbtUQgRj/FQOG7uUIEuaINI+AiqJR1k6t3SVNs7o7ZjIdus6706qqzVq8jQ==",
      "requires": {
        "debug": "^4.1.0",
        "depd": "^1.1.2",
        "humanize-ms": "^1.2.1"
      }
    },
    "axios": {
      "version": "0.24.0",
      "resolved": "https://registry.npmjs.org/axios/-/axios-0.24.0.tgz",
      "integrity": "sha512-Q6cWsys88HoPgAaFAVUb0WpPk0O8iTeisR9IMqy9G8AbO4NlpVknrnQS03zzF9PGAWgO3cgletO3VjV/P7VztA==",
      "requires": {
        "follow-redirects": "^1.14.4"
      }
    },
    "crypto-js": {
      "version": "4.1.1",
      "resolved": "https://registry.npmjs.org/crypto-js/-/crypto-js-4.1.1.tgz",
      "integrity": "sha512-o2JlM7ydqd3Qk9CA0L4NL6mTzU2sdx96a+oOfPu8Mkl/PK51vSyoi8/rQ8NknZtk44vq15lmhAj9CIAGwgeWKw=="
    },
    "debug": {
      "version": "4.3.3",
      "resolved": "https://registry.npmjs.org/debug/-/debug-4.3.3.tgz",
      "integrity": "sha512-/zxw5+vh1Tfv+4Qn7a5nsbcJKPaSvCDhojn6FEl9vupwK2VCSDtEiEtqr8DFtzYFOdz63LBkxec7DYuc2jon6Q==",
      "requires": {
        "ms": "2.1.2"
      }
    },
    "decode-uri-component": {
      "version": "0.2.0",
      "resolved": "https://registry.npmjs.org/decode-uri-component/-/decode-uri-component-0.2.0.tgz",
      "integrity": "sha1-6zkTMzRYd1y4TNGh+uBiEGu4dUU="
    },
    "depd": {
      "version": "1.1.2",
      "resolved": "https://registry.npmjs.org/depd/-/depd-1.1.2.tgz",
      "integrity": "sha1-m81S4UwJd2PnSbJ0xDRu0uVgtak="
    },
    "filter-obj": {
      "version": "1.1.0",
      "resolved": "https://registry.npmjs.org/filter-obj/-/filter-obj-1.1.0.tgz",
      "integrity": "sha1-mzERErxsYSehbgFsbF1/GeCAXFs="
    },
    "follow-redirects": {
      "version": "1.14.5",
      "resolved": "https://registry.npmjs.org/follow-redirects/-/follow-redirects-1.14.5.tgz",
      "integrity": "sha512-wtphSXy7d4/OR+MvIFbCVBDzZ5520qV8XfPklSN5QtxuMUJZ+b0Wnst1e1lCDocfzuCkHqj8k0FpZqO+UIaKNA=="
    },
    "humanize-ms": {
      "version": "1.2.1",
      "resolved": "https://registry.npmjs.org/humanize-ms/-/humanize-ms-1.2.1.tgz",
      "integrity": "sha1-xG4xWaKT9riW2ikxbYtv6Lt5u+0=",
      "requires": {
        "ms": "^2.0.0"
      }
    },
    "ms": {
      "version": "2.1.2",
      "resolved": "https://registry.npmjs.org/ms/-/ms-2.1.2.tgz",
      "integrity": "sha512-sGkPx+VjMtmA6MX27oA4FBFELFCZZ4S4XqeGOXCv68tT+jb3vk/RyaKWP0PTKyWtmLSM0b+adUTEvbs1PEaH2w=="
    },
    "query-string": {
      "version": "7.0.1",
      "resolved": "https://registry.npmjs.org/query-string/-/query-string-7.0.1.tgz",
      "integrity": "sha512-uIw3iRvHnk9to1blJCG3BTc+Ro56CBowJXKmNNAm3RulvPBzWLRqKSiiDk+IplJhsydwtuNMHi8UGQFcCLVfkA==",
      "requires": {
        "decode-uri-component": "^0.2.0",
        "filter-obj": "^1.1.0",
        "split-on-first": "^1.0.0",
        "strict-uri-encode": "^2.0.0"
      }
    },
    "retry-axios": {
      "version": "2.6.0",
      "resolved": "https://registry.npmjs.org/retry-axios/-/retry-axios-2.6.0.tgz",
      "integrity": "sha512-pOLi+Gdll3JekwuFjXO3fTq+L9lzMQGcSq7M5gIjExcl3Gu1hd4XXuf5o3+LuSBsaULQH7DiNbsqPd1chVpQGQ==",
      "requires": {}
    },
    "split-on-first": {
      "version": "1.1.0",
      "resolved": "https://registry.npmjs.org/split-on-first/-/split-on-first-1.1.0.tgz",
      "integrity": "sha512-43ZssAJaMusuKWL8sKUBQXHWOpq8d6CfN/u1p4gUzfJkM05C8rxTmYrkIPTXapZpORA6LkkzcUulJ8FqA7Uudw=="
    },
    "strict-uri-encode": {
      "version": "2.0.0",
      "resolved": "https://registry.npmjs.org/strict-uri-encode/-/strict-uri-encode-2.0.0.tgz",
      "integrity": "sha1-ucczDHBChi9rFC3CdLvMWGbONUY="
    }
  }
}
